
Microsoft Visual Studio Solution File, Format Version 12.00
# Visual Studio Version 17
VisualStudioVersion = 17.9.34607.119
MinimumVisualStudioVersion = 10.0.40219.1
Project("{FAE04EC0-301F-11D3-BF4B-00C04F79EFBC}") = "WpfApp4", "WpfApp4.csproj", "{9B9BFB3B-7B75-483C-A8F4-98E41D874900}"
EndProject
Global
	GlobalSection(SolutionConfigurationPlatforms) = preSolution
		Debug|Any CPU = Debug|Any CPU
		Release|Any CPU = Release|Any CPU
	EndGlobalSection
	GlobalSection(ProjectConfigurationPlatforms) = postSolution
		{9B9BFB3B-7B75-483C-A8F4-98E41D874900}.Debug|Any CPU.ActiveCfg = Debug|Any CPU
		{9B9BFB3B-7B75-483C-A8F4-98E41D874900}.Debug|Any CPU.Build.0 = Debug|Any CPU
		{9B9BFB3B-7B75-483C-A8F4-98E41D874900}.Release|Any CPU.ActiveCfg = Release|Any CPU
		{9B9BFB3B-7B75-483C-A8F4-98E41D874900}.Release|Any CPU.Build.0 = Release|Any CPU
	EndGlobalSection
	GlobalSection(SolutionProperties) = preSolution
		HideSolutionNode = FALSE
	EndGlobalSection
	GlobalSection(ExtensibilityGlobals) = postSolution
		SolutionGuid = {7B272E44-204A-43E1-8CF7-8C8B226DED20}
	EndGlobalSection
EndGlobal
